
Microsoft Visual Studio Solution File, Format Version 12.00
# Visual Studio Version 16
VisualStudioVersion = 25.0.1706.4
MinimumVisualStudioVersion = 10.0.40219.1
Project("{FAE04EC0-301F-11D3-BF4B-00C04F79EFBC}") = "13ModuleHomeWork", "13ModuleHomeWork\13ModuleHomeWork.csproj", "{DC5D0BE7-899C-4251-94A0-0C969937121F}"
EndProject
Global
	GlobalSection(SolutionConfigurationPlatforms) = preSolution
		Debug|Any CPU = Debug|Any CPU
		Release|Any CPU = Release|Any CPU
	EndGlobalSection
	GlobalSection(ProjectConfigurationPlatforms) = postSolution
		{DC5D0BE7-899C-4251-94A0-0C969937121F}.Debug|Any CPU.ActiveCfg = Debug|Any CPU
		{DC5D0BE7-899C-4251-94A0-0C969937121F}.Debug|Any CPU.Build.0 = Debug|Any CPU
		{DC5D0BE7-899C-4251-94A0-0C969937121F}.Release|Any CPU.ActiveCfg = Release|Any CPU
		{DC5D0BE7-899C-4251-94A0-0C969937121F}.Release|Any CPU.Build.0 = Release|Any CPU
	EndGlobalSection
	GlobalSection(SolutionProperties) = preSolution
		HideSolutionNode = FALSE
	EndGlobalSection
	GlobalSection(ExtensibilityGlobals) = postSolution
		SolutionGuid = {B3A43B0B-AF0A-4434-B8D9-0C2CF24FE2C5}
	EndGlobalSection
EndGlobal
